{
  "name": "teamwork",
  "version": "1.0.0",
  "lockfileVersion": 1,
  "requires": true,
  "dependencies": {
    "btoa": {
      "version": "1.2.1",
      "resolved": "https://registry.npmjs.org/btoa/-/btoa-1.2.1.tgz",
      "integrity": "sha512-SB4/MIGlsiVkMcHmT+pSmIPoNDoHg+7cMzmt3Uxt628MTz2487DKSqK/fuhFBrkuqrYv5UCEnACpF4dTFNKc/g=="
    },
    "commander": {
      "version": "2.15.1",
      "resolved": "https://registry.npmjs.org/commander/-/commander-2.15.1.tgz",
      "integrity": "sha512-VlfT9F3V0v+jr4yxPc5gg9s62/fIVWsd2Bk2iD435um1NlGMYdVCq+MjcXnhYq2icNOizHr1kK+5TI6H0Hy0ag=="
    },
    "contained-periodic-values": {
      "version": "1.0.0",
      "resolved": "https://registry.npmjs.org/contained-periodic-values/-/contained-periodic-values-1.0.0.tgz",
      "integrity": "sha1-qB3Y6E4KVRPVkKHmWBv+VcAPnE0=",
      "requires": {
        "nearest-periodic-value": "1.2.0"
      }
    },
    "moment": {
      "version": "2.22.1",
      "resolved": "https://registry.npmjs.org/moment/-/moment-2.22.1.tgz",
      "integrity": "sha512-shJkRTSebXvsVqk56I+lkb2latjBs8I+pc2TzWc545y2iFnSjm7Wg0QMh+ZWcdSLQyGEau5jI8ocnmkyTgr9YQ=="
    },
    "moment-business": {
      "version": "3.0.1",
      "resolved": "https://registry.npmjs.org/moment-business/-/moment-business-3.0.1.tgz",
      "integrity": "sha1-3w3hqKB0BgZStWiNPMmcnYt23MQ=",
      "requires": {
        "contained-periodic-values": "1.0.0",
        "skipped-periodic-values": "1.0.1"
      }
    },
    "nearest-periodic-value": {
      "version": "1.2.0",
      "resolved": "https://registry.npmjs.org/nearest-periodic-value/-/nearest-periodic-value-1.2.0.tgz",
      "integrity": "sha1-qE/VKRmolpKGTSCkFGgxPSVZBcY="
    },
    "node-fetch": {
      "version": "2.1.2",
      "resolved": "https://registry.npmjs.org/node-fetch/-/node-fetch-2.1.2.tgz",
      "integrity": "sha1-q4hOjn5X44qUR1POxwb3iNF2i7U="
    },
    "skipped-periodic-values": {
      "version": "1.0.1",
      "resolved": "https://registry.npmjs.org/skipped-periodic-values/-/skipped-periodic-values-1.0.1.tgz",
      "integrity": "sha1-06Ck2TrBNMRVDbKogj7Z2XOc7KI=",
      "requires": {
        "nearest-periodic-value": "1.2.0"
      }
    }
  }
}
